# THIS IS AN AUTOGENERATED FILE. DO NOT EDIT THIS FILE DIRECTLY.
# yarn lockfile v1


"@next/env@14.1.1":
  version "14.1.1"
  resolved "https://registry.yarnpkg.com/@next/env/-/env-14.1.1.tgz#80150a8440eb0022a73ba353c6088d419b908bac"
  integrity sha512-7CnQyD5G8shHxQIIg3c7/pSeYFeMhsNbpU/bmvH7ZnDql7mNRgg8O2JZrhrc/soFnfBnKP4/xXNiiSIPn2w8gA==

"@next/swc-darwin-arm64@14.1.1":
  version "14.1.1"
  resolved "https://registry.yarnpkg.com/@next/swc-darwin-arm64/-/swc-darwin-arm64-14.1.1.tgz#b74ba7c14af7d05fa2848bdeb8ee87716c939b64"
  integrity sha512-yDjSFKQKTIjyT7cFv+DqQfW5jsD+tVxXTckSe1KIouKk75t1qZmj/mV3wzdmFb0XHVGtyRjDMulfVG8uCKemOQ==

"@next/swc-darwin-x64@14.1.1":
  version "14.1.1"
  resolved "https://registry.yarnpkg.com/@next/swc-darwin-x64/-/swc-darwin-x64-14.1.1.tgz#82c3e67775e40094c66e76845d1a36cc29c9e78b"
  integrity sha512-KCQmBL0CmFmN8D64FHIZVD9I4ugQsDBBEJKiblXGgwn7wBCSe8N4Dx47sdzl4JAg39IkSN5NNrr8AniXLMb3aw==

"@next/swc-linux-arm64-gnu@14.1.1":
  version "14.1.1"
  resolved "https://registry.yarnpkg.com/@next/swc-linux-arm64-gnu/-/swc-linux-arm64-gnu-14.1.1.tgz#4f4134457b90adc5c3d167d07dfb713c632c0caa"
  integrity sha512-YDQfbWyW0JMKhJf/T4eyFr4b3tceTorQ5w2n7I0mNVTFOvu6CGEzfwT3RSAQGTi/FFMTFcuspPec/7dFHuP7Eg==

"@next/swc-linux-arm64-musl@14.1.1":
  version "14.1.1"
  resolved "https://registry.yarnpkg.com/@next/swc-linux-arm64-musl/-/swc-linux-arm64-musl-14.1.1.tgz#594bedafaeba4a56db23a48ffed2cef7cd09c31a"
  integrity sha512-fiuN/OG6sNGRN/bRFxRvV5LyzLB8gaL8cbDH5o3mEiVwfcMzyE5T//ilMmaTrnA8HLMS6hoz4cHOu6Qcp9vxgQ==

"@next/swc-linux-x64-gnu@14.1.1":
  version "14.1.1"
  resolved "https://registry.yarnpkg.com/@next/swc-linux-x64-gnu/-/swc-linux-x64-gnu-14.1.1.tgz#cb4e75f1ff2b9bcadf2a50684605928ddfc58528"
  integrity sha512-rv6AAdEXoezjbdfp3ouMuVqeLjE1Bin0AuE6qxE6V9g3Giz5/R3xpocHoAi7CufRR+lnkuUjRBn05SYJ83oKNQ==

"@next/swc-linux-x64-musl@14.1.1":
  version "14.1.1"
  resolved "https://registry.yarnpkg.com/@next/swc-linux-x64-musl/-/swc-linux-x64-musl-14.1.1.tgz#15f26800df941b94d06327f674819ab64b272e25"
  integrity sha512-YAZLGsaNeChSrpz/G7MxO3TIBLaMN8QWMr3X8bt6rCvKovwU7GqQlDu99WdvF33kI8ZahvcdbFsy4jAFzFX7og==

"@next/swc-win32-arm64-msvc@14.1.1":
  version "14.1.1"
  resolved "https://registry.yarnpkg.com/@next/swc-win32-arm64-msvc/-/swc-win32-arm64-msvc-14.1.1.tgz#060c134fa7fa843666e3e8574972b2b723773dd9"
  integrity sha512-1L4mUYPBMvVDMZg1inUYyPvFSduot0g73hgfD9CODgbr4xiTYe0VOMTZzaRqYJYBA9mana0x4eaAaypmWo1r5A==

"@next/swc-win32-ia32-msvc@14.1.1":
  version "14.1.1"
  resolved "https://registry.yarnpkg.com/@next/swc-win32-ia32-msvc/-/swc-win32-ia32-msvc-14.1.1.tgz#5c06889352b1f77e3807834a0d0afd7e2d2d1da2"
  integrity sha512-jvIE9tsuj9vpbbXlR5YxrghRfMuG0Qm/nZ/1KDHc+y6FpnZ/apsgh+G6t15vefU0zp3WSpTMIdXRUsNl/7RSuw==

"@next/swc-win32-x64-msvc@14.1.1":
  version "14.1.1"
  resolved "https://registry.yarnpkg.com/@next/swc-win32-x64-msvc/-/swc-win32-x64-msvc-14.1.1.tgz#d38c63a8f9b7f36c1470872797d3735b4a9c5c52"
  integrity sha512-S6K6EHDU5+1KrBDLko7/c1MNy/Ya73pIAmvKeFwsF4RmBFJSO7/7YeD4FnZ4iBdzE69PpQ4sOMU9ORKeNuxe8A==

"@supabase/functions-js@^2.1.0":
  version "2.4.2"
  resolved "https://registry.yarnpkg.com/@supabase/functions-js/-/functions-js-2.4.2.tgz#1df9647b74515036ed541e5cbaa56e88b58011f4"
  integrity sha512-fRRN707nZ3uB6xIye4niCAai8NvmagFJKrCp/n5PsEWcb1cRLg50SEg1hZkVE36phZxTJAWuOwZ5yofmHnkWmA==
  dependencies:
    "@supabase/node-fetch" "^2.6.14"

"@supabase/gotrue-js@^2.31.0":
  version "2.64.4"
  resolved "https://registry.yarnpkg.com/@supabase/gotrue-js/-/gotrue-js-2.64.4.tgz#e9e7aa94556cbe5e9bf1897ca3c1d26d705d70c6"
  integrity sha512-z9rOE3CWx3A8DKdyuuBBgQD4fMqqpH9EzzKl/GtfRV+n19slBT264mggzKz/FzbcMq2eKAAE8fvGSFgKzyqQSA==
  dependencies:
    "@supabase/node-fetch" "^2.6.14"

"@supabase/node-fetch@^2.6.14":
  version "2.6.15"
  resolved "https://registry.yarnpkg.com/@supabase/node-fetch/-/node-fetch-2.6.15.tgz#731271430e276983191930816303c44159e7226c"
  integrity sha512-1ibVeYUacxWYi9i0cf5efil6adJ9WRyZBLivgjs+AUpewx1F3xPi7gLgaASI2SmIQxPoCEjAsLAzKPgMJVgOUQ==
  dependencies:
    whatwg-url "^5.0.0"

"@supabase/postgrest-js@^1.7.0":
  version "1.15.8"
  resolved "https://registry.yarnpkg.com/@supabase/postgrest-js/-/postgrest-js-1.15.8.tgz#827aaa408cdbc89e67d0a758e7a545ac86e34312"
  integrity sha512-YunjXpoQjQ0a0/7vGAvGZA2dlMABXFdVI/8TuVKtlePxyT71sl6ERl6ay1fmIeZcqxiuFQuZw/LXUuStUG9bbg==
  dependencies:
    "@supabase/node-fetch" "^2.6.14"

"@supabase/realtime-js@^2.7.3":
  version "2.10.4"
  resolved "https://registry.yarnpkg.com/@supabase/realtime-js/-/realtime-js-2.10.4.tgz#5e9a37a16c73402bb099684dd79f26a7182e9d24"
  integrity sha512-ML8gZGxFfnx+gi7MLTAtuJdGkuwWBsNwImHF1mnNCPWE4rlVwSWXUoZvszA/S+6insOTddpnj/ZRpjZZbzOu/w==
  dependencies:
    "@supabase/node-fetch" "^2.6.14"
    "@types/phoenix" "^1.5.4"
    "@types/ws" "^8.5.10"
    ws "^8.14.2"

"@supabase/storage-js@^2.5.1":
  version "2.6.0"
  resolved "https://registry.yarnpkg.com/@supabase/storage-js/-/storage-js-2.6.0.tgz#0fa5e04db760ed7f78e4394844a6d409e537adc5"
  integrity sha512-REAxr7myf+3utMkI2oOmZ6sdplMZZ71/2NEIEMBZHL9Fkmm3/JnaOZVSRqvG4LStYj2v5WhCruCzuMn6oD/Drw==
  dependencies:
    "@supabase/node-fetch" "^2.6.14"

"@supabase/supabase-js@file:../..":
  version "0.0.0-automated"
  dependencies:
    "@supabase/functions-js" "^2.1.0"
    "@supabase/gotrue-js" "^2.31.0"
    "@supabase/postgrest-js" "^1.7.0"
    "@supabase/realtime-js" "^2.7.3"
    "@supabase/storage-js" "^2.5.1"
    cross-fetch "^3.1.5"

"@swc/helpers@0.5.2":
  version "0.5.2"
  resolved "https://registry.yarnpkg.com/@swc/helpers/-/helpers-0.5.2.tgz#85ea0c76450b61ad7d10a37050289eded783c27d"
  integrity sha512-E4KcWTpoLHqwPHLxidpOqQbcrZVgi0rsmmZXUle1jXmJfuIf/UWpczUJ7MZZ5tlxytgJXyp0w4PGkkeLiuIdZw==
  dependencies:
    tslib "^2.4.0"

"@types/node@*":
  version "20.14.10"
  resolved "https://registry.yarnpkg.com/@types/node/-/node-20.14.10.tgz#a1a218290f1b6428682e3af044785e5874db469a"
  integrity sha512-MdiXf+nDuMvY0gJKxyfZ7/6UFsETO7mGKF54MVD/ekJS6HdFtpZFBgrh6Pseu64XTb2MLyFPlbW6hj8HYRQNOQ==
  dependencies:
    undici-types "~5.26.4"

"@types/phoenix@^1.5.4":
  version "1.6.5"
  resolved "https://registry.yarnpkg.com/@types/phoenix/-/phoenix-1.6.5.tgz#5654e14ec7ad25334a157a20015996b6d7d2075e"
  integrity sha512-xegpDuR+z0UqG9fwHqNoy3rI7JDlvaPh2TY47Fl80oq6g+hXT+c/LEuE43X48clZ6lOfANl5WrPur9fYO1RJ/w==

"@types/prop-types@*":
  version "15.7.3"
  resolved "https://registry.npmjs.org/@types/prop-types/-/prop-types-15.7.3.tgz"
  integrity sha512-KfRL3PuHmqQLOG+2tGpRO26Ctg+Cq1E01D2DMriKEATHgWLfeNDmq9e29Q9WIky0dQ3NPkd1mzYH8Lm936Z9qw==

"@types/react@^16.9.53":
  version "16.9.55"
  resolved "https://registry.npmjs.org/@types/react/-/react-16.9.55.tgz"
  integrity sha512-6KLe6lkILeRwyyy7yG9rULKJ0sXplUsl98MGoCfpteXf9sPWFWWMknDcsvubcpaTdBuxtsLF6HDUwdApZL/xIg==
  dependencies:
    "@types/prop-types" "*"
    csstype "^3.0.2"

"@types/ws@^8.5.10":
  version "8.5.11"
  resolved "https://registry.yarnpkg.com/@types/ws/-/ws-8.5.11.tgz#90ad17b3df7719ce3e6bc32f83ff954d38656508"
  integrity sha512-4+q7P5h3SpJxaBft0Dzpbr6lmMaqh0Jr2tbhJZ/luAwvD7ohSCniYkwz/pLxuT2h0EOa6QADgJj1Ko+TzRfZ+w==
  dependencies:
    "@types/node" "*"

busboy@1.6.0:
  version "1.6.0"
  resolved "https://registry.yarnpkg.com/busboy/-/busboy-1.6.0.tgz#966ea36a9502e43cdb9146962523b92f531f6893"
  integrity sha512-8SFQbg/0hQ9xy3UNTB0YEnsNBbWfhf7RtnzpL7TkBiTBRfrQ9Fxcnz7VJsleJpyp6rVLvXiuORqjlHi5q+PYuA==
  dependencies:
    streamsearch "^1.1.0"

caniuse-lite@^1.0.30001579:
  version "1.0.30001641"
  resolved "https://registry.yarnpkg.com/caniuse-lite/-/caniuse-lite-1.0.30001641.tgz#3572862cd18befae3f637f2a1101cc033c6782ac"
  integrity sha512-Phv5thgl67bHYo1TtMY/MurjkHhV4EDaCosezRXgZ8jzA/Ub+wjxAvbGvjoFENStinwi5kCyOYV3mi5tOGykwA==

client-only@0.0.1:
  version "0.0.1"
  resolved "https://registry.yarnpkg.com/client-only/-/client-only-0.0.1.tgz#38bba5d403c41ab150bff64a95c85013cf73bca1"
  integrity sha512-IV3Ou0jSMzZrd3pZ48nLkT9DA7Ag1pnPzaiQhpW7c3RbcqqzvzzVu+L8gfqMp/8IM2MQtSiqaCxrrcfu8I8rMA==

cross-fetch@^3.1.5:
  version "3.1.8"
  resolved "https://registry.yarnpkg.com/cross-fetch/-/cross-fetch-3.1.8.tgz#0327eba65fd68a7d119f8fb2bf9334a1a7956f82"
  integrity sha512-cvA+JwZoU0Xq+h6WkMvAUqPEYy92Obet6UdKLfW60qn99ftItKjB5T+BkyWOFWe2pUyfQ+IJHmpOTznqk1M6Kg==
  dependencies:
    node-fetch "^2.6.12"

csstype@^3.0.2:
  version "3.0.4"
  resolved "https://registry.npmjs.org/csstype/-/csstype-3.0.4.tgz"
  integrity sha512-xc8DUsCLmjvCfoD7LTGE0ou2MIWLx0K9RCZwSHMOdynqRsP4MtUcLeqh1HcQ2dInwDTqn+3CE0/FZh1et+p4jA==

graceful-fs@^4.2.11:
  version "4.2.11"
  resolved "https://registry.yarnpkg.com/graceful-fs/-/graceful-fs-4.2.11.tgz#4183e4e8bf08bb6e05bbb2f7d2e0c8f712ca40e3"
  integrity sha512-RbJ5/jmFcNNCcDV5o9eTnBLJ/HszWV0P73bc+Ff4nS/rJj+YaS6IGyiOL0VoBYX+l1Wrl3k63h/KrH+nhJ0XvQ==

"js-tokens@^3.0.0 || ^4.0.0":
  version "4.0.0"
  resolved "https://registry.npmjs.org/js-tokens/-/js-tokens-4.0.0.tgz"
  integrity sha512-RdJUflcE3cUzKiMqQgsCu06FPu9UdIJO0beYbPhHN4k6apgJtifcoCtT9bcxOpYBtpD2kCM6Sbzg4CausW/PKQ==

loose-envify@^1.1.0:
  version "1.4.0"
  resolved "https://registry.npmjs.org/loose-envify/-/loose-envify-1.4.0.tgz"
  integrity sha512-lyuxPGr/Wfhrlem2CL/UcnUc1zcqKAImBDzukY7Y5F/yQiNdko6+fRLevlw1HgMySw7f611UIY408EtxRSoK3Q==
  dependencies:
    js-tokens "^3.0.0 || ^4.0.0"

nanoid@^3.3.6:
  version "3.3.7"
  resolved "https://registry.yarnpkg.com/nanoid/-/nanoid-3.3.7.tgz#d0c301a691bc8d54efa0a2226ccf3fe2fd656bd8"
  integrity sha512-eSRppjcPIatRIMC1U6UngP8XFcz8MQWGQdt1MTBQ7NaAmvXDfvNxbvWV3x2y6CdEUciCSsDHDQZbhYaB8QEo2g==

next@14.1.1:
  version "14.1.1"
  resolved "https://registry.yarnpkg.com/next/-/next-14.1.1.tgz#92bd603996c050422a738e90362dff758459a171"
  integrity sha512-McrGJqlGSHeaz2yTRPkEucxQKe5Zq7uPwyeHNmJaZNY4wx9E9QdxmTp310agFRoMuIYgQrCrT3petg13fSVOww==
  dependencies:
    "@next/env" "14.1.1"
    "@swc/helpers" "0.5.2"
    busboy "1.6.0"
    caniuse-lite "^1.0.30001579"
    graceful-fs "^4.2.11"
    postcss "8.4.31"
    styled-jsx "5.1.1"
  optionalDependencies:
    "@next/swc-darwin-arm64" "14.1.1"
    "@next/swc-darwin-x64" "14.1.1"
    "@next/swc-linux-arm64-gnu" "14.1.1"
    "@next/swc-linux-arm64-musl" "14.1.1"
    "@next/swc-linux-x64-gnu" "14.1.1"
    "@next/swc-linux-x64-musl" "14.1.1"
    "@next/swc-win32-arm64-msvc" "14.1.1"
    "@next/swc-win32-ia32-msvc" "14.1.1"
    "@next/swc-win32-x64-msvc" "14.1.1"

node-fetch@^2.6.12:
  version "2.7.0"
  resolved "https://registry.yarnpkg.com/node-fetch/-/node-fetch-2.7.0.tgz#d0f0fa6e3e2dc1d27efcd8ad99d550bda94d187d"
  integrity sha512-c4FRfUm/dbcWZ7U+1Wq0AwCyFL+3nt2bEw05wfxSz+DWpWsitgmSgYmy2dQdWyKC1694ELPqMs/YzUSNozLt8A==
  dependencies:
    whatwg-url "^5.0.0"

object-assign@^4.1.1:
  version "4.1.1"
  resolved "https://registry.npmjs.org/object-assign/-/object-assign-4.1.1.tgz"
  integrity sha1-IQmtx5ZYh8/AXLvUQsrIv7s2CGM=

picocolors@^1.0.0:
  version "1.0.0"
  resolved "https://registry.npmjs.org/picocolors/-/picocolors-1.0.0.tgz"
  integrity sha512-1fygroTLlHu66zi26VoTDv8yRgm0Fccecssto+MhsZ0D/DGW2sm8E8AjW7NU5VVTRt5GxbeZ5qBuJr+HyLYkjQ==

postcss@8.4.31:
  version "8.4.31"
  resolved "https://registry.yarnpkg.com/postcss/-/postcss-8.4.31.tgz#92b451050a9f914da6755af352bdc0192508656d"
  integrity sha512-PS08Iboia9mts/2ygV3eLpY5ghnUcfLV/EXTOW1E2qYxJKGGBUtNjN76FYHnMs36RmARn41bC0AZmn+rR0OVpQ==
  dependencies:
    nanoid "^3.3.6"
    picocolors "^1.0.0"
    source-map-js "^1.0.2"

react-dom@17.0.0:
  version "17.0.0"
  resolved "https://registry.npmjs.org/react-dom/-/react-dom-17.0.0.tgz"
  integrity sha512-OGnFbxCjI2TMAZYMVxi4hqheJiN8rCEVVrL7XIGzCB6beNc4Am8M47HtkvxODZw9QgjmAPKpLba9FTu4fC1byA==
  dependencies:
    loose-envify "^1.1.0"
    object-assign "^4.1.1"
    scheduler "^0.20.0"

react@17.0.0:
  version "17.0.0"
  resolved "https://registry.npmjs.org/react/-/react-17.0.0.tgz"
  integrity sha512-rG9bqS3LMuetoSUKHN8G3fMNuQOePKDThK6+2yXFWtoeTDLVNh/QCaxT+Jr+rNf4lwNXpx+atdn3Aa0oi8/6eQ==
  dependencies:
    loose-envify "^1.1.0"
    object-assign "^4.1.1"

scheduler@^0.20.0:
  version "0.20.1"
  resolved "https://registry.npmjs.org/scheduler/-/scheduler-0.20.1.tgz"
  integrity sha512-LKTe+2xNJBNxu/QhHvDR14wUXHRQbVY5ZOYpOGWRzhydZUqrLb2JBvLPY7cAqFmqrWuDED0Mjk7013SZiOz6Bw==
  dependencies:
    loose-envify "^1.1.0"
    object-assign "^4.1.1"

source-map-js@^1.0.2:
  version "1.2.0"
  resolved "https://registry.yarnpkg.com/source-map-js/-/source-map-js-1.2.0.tgz#16b809c162517b5b8c3e7dcd315a2a5c2612b2af"
  integrity sha512-itJW8lvSA0TXEphiRoawsCksnlf8SyvmFzIhltqAHluXd88pkCd+cXJVHTDwdCr0IzwptSm035IHQktUu1QUMg==

streamsearch@^1.1.0:
  version "1.1.0"
  resolved "https://registry.yarnpkg.com/streamsearch/-/streamsearch-1.1.0.tgz#404dd1e2247ca94af554e841a8ef0eaa238da764"
  integrity sha512-Mcc5wHehp9aXz1ax6bZUyY5afg9u2rv5cqQI3mRrYkGC8rW2hM02jWuwjtL++LS5qinSyhj2QfLyNsuc+VsExg==

styled-jsx@5.1.1:
  version "5.1.1"
  resolved "https://registry.yarnpkg.com/styled-jsx/-/styled-jsx-5.1.1.tgz#839a1c3aaacc4e735fed0781b8619ea5d0009d1f"
  integrity sha512-pW7uC1l4mBZ8ugbiZrcIsiIvVx1UmTfw7UkC3Um2tmfUq9Bhk8IiyEIPl6F8agHgjzku6j0xQEZbfA5uSgSaCw==
  dependencies:
    client-only "0.0.1"

tr46@~0.0.3:
  version "0.0.3"
  resolved "https://registry.yarnpkg.com/tr46/-/tr46-0.0.3.tgz#8184fd347dac9cdc185992f3a6622e14b9d9ab6a"
  integrity sha512-N3WMsuqV66lT30CrXNbEjx4GEwlow3v6rr4mCcv6prnfwhS01rkgyFdjPNBYd9br7LpXV1+Emh01fHnq2Gdgrw==

tslib@^2.4.0:
  version "2.6.3"
  resolved "https://registry.yarnpkg.com/tslib/-/tslib-2.6.3.tgz#0438f810ad7a9edcde7a241c3d80db693c8cbfe0"
  integrity sha512-xNvxJEOUiWPGhUuUdQgAJPKOOJfGnIyKySOc09XkKsgdUV/3E2zvwZYdejjmRgPCgcym1juLH3226yA7sEFJKQ==

undici-types@~5.26.4:
  version "5.26.5"
  resolved "https://registry.yarnpkg.com/undici-types/-/undici-types-5.26.5.tgz#bcd539893d00b56e964fd2657a4866b221a65617"
  integrity sha512-JlCMO+ehdEIKqlFxk6IfVoAUVmgz7cU7zD/h9XZ0qzeosSHmUJVOzSQvvYSYWXkFXC+IfLKSIffhv0sVZup6pA==

webidl-conversions@^3.0.0:
  version "3.0.1"
  resolved "https://registry.yarnpkg.com/webidl-conversions/-/webidl-conversions-3.0.1.tgz#24534275e2a7bc6be7bc86611cc16ae0a5654871"
  integrity sha512-2JAn3z8AR6rjK8Sm8orRC0h/bcl/DqL7tRPdGZ4I1CjdF+EaMLmYxBHyXuKL849eucPFhvBoxMsflfOb8kxaeQ==

whatwg-url@^5.0.0:
  version "5.0.0"
  resolved "https://registry.yarnpkg.com/whatwg-url/-/whatwg-url-5.0.0.tgz#966454e8765462e37644d3626f6742ce8b70965d"
  integrity sha512-saE57nupxk6v3HY35+jzBwYa0rKSy0XR8JSxZPwgLr7ys0IBzhGviA1/TUGJLmSVqs8pb9AnvICXEuOHLprYTw==
  dependencies:
    tr46 "~0.0.3"
    webidl-conversions "^3.0.0"

ws@^8.14.2:
  version "8.18.0"
  resolved "https://registry.yarnpkg.com/ws/-/ws-8.18.0.tgz#0d7505a6eafe2b0e712d232b42279f53bc289bbc"
  integrity sha512-8VbfWfHLbbwu3+N6OKsOMpBdT4kXPDDB9cJk2bJ6mh9ucxdlnNvH1e+roYkKmN9Nxw2yjz7VzeO9oOz2zJ04Pw==
